
Microsoft Visual Studio Solution File, Format Version 12.00
# Visual Studio Version 16
VisualStudioVersion = 16.0.33328.57
MinimumVisualStudioVersion = 10.0.40219.1
Project("{FAE04EC0-301F-11D3-BF4B-00C04F79EFBC}") = "OperatorsSubmissionAssn", "OperatorsSubmissionAssn\OperatorsSubmissionAssn.csproj", "{A6DBB785-417E-42D7-BE64-CB236E75746B}"
EndProject
Global
	GlobalSection(SolutionConfigurationPlatforms) = preSolution
		Debug|Any CPU = Debug|Any CPU
		Release|Any CPU = Release|Any CPU
	EndGlobalSection
	GlobalSection(ProjectConfigurationPlatforms) = postSolution
		{A6DBB785-417E-42D7-BE64-CB236E75746B}.Debug|Any CPU.ActiveCfg = Debug|Any CPU
		{A6DBB785-417E-42D7-BE64-CB236E75746B}.Debug|Any CPU.Build.0 = Debug|Any CPU
		{A6DBB785-417E-42D7-BE64-CB236E75746B}.Release|Any CPU.ActiveCfg = Release|Any CPU
		{A6DBB785-417E-42D7-BE64-CB236E75746B}.Release|Any CPU.Build.0 = Release|Any CPU
	EndGlobalSection
	GlobalSection(SolutionProperties) = preSolution
		HideSolutionNode = FALSE
	EndGlobalSection
	GlobalSection(ExtensibilityGlobals) = postSolution
		SolutionGuid = {EC704F61-585C-4B6E-82B3-1C92E683F06B}
	EndGlobalSection
EndGlobal
