
Microsoft Visual Studio Solution File, Format Version 12.00
# Visual Studio Version 16
VisualStudioVersion = 16.0.33328.57
MinimumVisualStudioVersion = 10.0.40219.1
Project("{9A19103F-16F7-4668-BE54-9A1E7A4F7556}") = "StructAssn", "StructAssn.csproj", "{8E64EBE0-9E84-4F36-AFD9-8724A6E767EA}"
EndProject
Global
	GlobalSection(SolutionConfigurationPlatforms) = preSolution
		Debug|Any CPU = Debug|Any CPU
		Release|Any CPU = Release|Any CPU
	EndGlobalSection
	GlobalSection(ProjectConfigurationPlatforms) = postSolution
		{8E64EBE0-9E84-4F36-AFD9-8724A6E767EA}.Debug|Any CPU.ActiveCfg = Debug|Any CPU
		{8E64EBE0-9E84-4F36-AFD9-8724A6E767EA}.Debug|Any CPU.Build.0 = Debug|Any CPU
		{8E64EBE0-9E84-4F36-AFD9-8724A6E767EA}.Release|Any CPU.ActiveCfg = Release|Any CPU
		{8E64EBE0-9E84-4F36-AFD9-8724A6E767EA}.Release|Any CPU.Build.0 = Release|Any CPU
	EndGlobalSection
	GlobalSection(SolutionProperties) = preSolution
		HideSolutionNode = FALSE
	EndGlobalSection
	GlobalSection(ExtensibilityGlobals) = postSolution
		SolutionGuid = {1C47D852-4753-4598-A9EE-0F30D306C205}
	EndGlobalSection
EndGlobal
