
Microsoft Visual Studio Solution File, Format Version 12.00
# Visual Studio Version 16
VisualStudioVersion = 16.0.33328.57
MinimumVisualStudioVersion = 10.0.40219.1
Project("{FAE04EC0-301F-11D3-BF4B-00C04F79EFBC}") = "Scores", "Scores\Scores.csproj", "{F8B8E38F-5378-41F6-85C5-B1F311C25210}"
EndProject
Global
	GlobalSection(SolutionConfigurationPlatforms) = preSolution
		Debug|Any CPU = Debug|Any CPU
		Release|Any CPU = Release|Any CPU
	EndGlobalSection
	GlobalSection(ProjectConfigurationPlatforms) = postSolution
		{F8B8E38F-5378-41F6-85C5-B1F311C25210}.Debug|Any CPU.ActiveCfg = Debug|Any CPU
		{F8B8E38F-5378-41F6-85C5-B1F311C25210}.Debug|Any CPU.Build.0 = Debug|Any CPU
		{F8B8E38F-5378-41F6-85C5-B1F311C25210}.Release|Any CPU.ActiveCfg = Release|Any CPU
		{F8B8E38F-5378-41F6-85C5-B1F311C25210}.Release|Any CPU.Build.0 = Release|Any CPU
	EndGlobalSection
	GlobalSection(SolutionProperties) = preSolution
		HideSolutionNode = FALSE
	EndGlobalSection
	GlobalSection(ExtensibilityGlobals) = postSolution
		SolutionGuid = {E191BC86-318A-405E-982F-19F0ACF3DA86}
	EndGlobalSection
EndGlobal
