
Microsoft Visual Studio Solution File, Format Version 12.00
# Visual Studio Version 16
VisualStudioVersion = 16.0.33328.57
MinimumVisualStudioVersion = 10.0.40219.1
Project("{FAE04EC0-301F-11D3-BF4B-00C04F79EFBC}") = "DailyReportApp", "DailyReportApp\DailyReportApp.csproj", "{40716FDE-4A91-426D-8F88-AB95DAB9A1A0}"
EndProject
Global
	GlobalSection(SolutionConfigurationPlatforms) = preSolution
		Debug|Any CPU = Debug|Any CPU
		Release|Any CPU = Release|Any CPU
	EndGlobalSection
	GlobalSection(ProjectConfigurationPlatforms) = postSolution
		{40716FDE-4A91-426D-8F88-AB95DAB9A1A0}.Debug|Any CPU.ActiveCfg = Debug|Any CPU
		{40716FDE-4A91-426D-8F88-AB95DAB9A1A0}.Debug|Any CPU.Build.0 = Debug|Any CPU
		{40716FDE-4A91-426D-8F88-AB95DAB9A1A0}.Release|Any CPU.ActiveCfg = Release|Any CPU
		{40716FDE-4A91-426D-8F88-AB95DAB9A1A0}.Release|Any CPU.Build.0 = Release|Any CPU
	EndGlobalSection
	GlobalSection(SolutionProperties) = preSolution
		HideSolutionNode = FALSE
	EndGlobalSection
	GlobalSection(ExtensibilityGlobals) = postSolution
		SolutionGuid = {D6A41A6E-030A-4C50-93BE-77D6511C903D}
	EndGlobalSection
EndGlobal
