
Microsoft Visual Studio Solution File, Format Version 12.00
# Visual Studio Version 16
VisualStudioVersion = 16.0.33328.57
MinimumVisualStudioVersion = 10.0.40219.1
Project("{FAE04EC0-301F-11D3-BF4B-00C04F79EFBC}") = "CarInsurance", "CarInsurance\CarInsurance.csproj", "{91513625-8791-4F43-8165-E08E0C0968B7}"
EndProject
Global
	GlobalSection(SolutionConfigurationPlatforms) = preSolution
		Debug|Any CPU = Debug|Any CPU
		Release|Any CPU = Release|Any CPU
	EndGlobalSection
	GlobalSection(ProjectConfigurationPlatforms) = postSolution
		{91513625-8791-4F43-8165-E08E0C0968B7}.Debug|Any CPU.ActiveCfg = Debug|Any CPU
		{91513625-8791-4F43-8165-E08E0C0968B7}.Debug|Any CPU.Build.0 = Debug|Any CPU
		{91513625-8791-4F43-8165-E08E0C0968B7}.Release|Any CPU.ActiveCfg = Release|Any CPU
		{91513625-8791-4F43-8165-E08E0C0968B7}.Release|Any CPU.Build.0 = Release|Any CPU
	EndGlobalSection
	GlobalSection(SolutionProperties) = preSolution
		HideSolutionNode = FALSE
	EndGlobalSection
	GlobalSection(ExtensibilityGlobals) = postSolution
		SolutionGuid = {AC0D7610-AFD8-483E-87D7-4A68E5662B0E}
	EndGlobalSection
EndGlobal
