
Microsoft Visual Studio Solution File, Format Version 12.00
# Visual Studio Version 16
VisualStudioVersion = 16.0.33328.57
MinimumVisualStudioVersion = 10.0.40219.1
Project("{FAE04EC0-301F-11D3-BF4B-00C04F79EFBC}") = "SixPartsConsoleAppAssn", "SixPartsConsoleAppAssn\SixPartsConsoleAppAssn.csproj", "{EE730F48-CA6D-4844-BD54-CA35F1FA0FC3}"
EndProject
Global
	GlobalSection(SolutionConfigurationPlatforms) = preSolution
		Debug|Any CPU = Debug|Any CPU
		Release|Any CPU = Release|Any CPU
	EndGlobalSection
	GlobalSection(ProjectConfigurationPlatforms) = postSolution
		{EE730F48-CA6D-4844-BD54-CA35F1FA0FC3}.Debug|Any CPU.ActiveCfg = Debug|Any CPU
		{EE730F48-CA6D-4844-BD54-CA35F1FA0FC3}.Debug|Any CPU.Build.0 = Debug|Any CPU
		{EE730F48-CA6D-4844-BD54-CA35F1FA0FC3}.Release|Any CPU.ActiveCfg = Release|Any CPU
		{EE730F48-CA6D-4844-BD54-CA35F1FA0FC3}.Release|Any CPU.Build.0 = Release|Any CPU
	EndGlobalSection
	GlobalSection(SolutionProperties) = preSolution
		HideSolutionNode = FALSE
	EndGlobalSection
	GlobalSection(ExtensibilityGlobals) = postSolution
		SolutionGuid = {D93B402D-C354-42A2-9A1E-EBFC09B329AB}
	EndGlobalSection
EndGlobal
