
Microsoft Visual Studio Solution File, Format Version 12.00
# Visual Studio Version 16
VisualStudioVersion = 16.0.33328.57
MinimumVisualStudioVersion = 10.0.40219.1
Project("{FAE04EC0-301F-11D3-BF4B-00C04F79EFBC}") = "ParametersAssn", "ParametersAssn\ParametersAssn.csproj", "{889F6E47-09A4-4F6E-998A-3DEE3ED1683B}"
EndProject
Global
	GlobalSection(SolutionConfigurationPlatforms) = preSolution
		Debug|Any CPU = Debug|Any CPU
		Release|Any CPU = Release|Any CPU
	EndGlobalSection
	GlobalSection(ProjectConfigurationPlatforms) = postSolution
		{889F6E47-09A4-4F6E-998A-3DEE3ED1683B}.Debug|Any CPU.ActiveCfg = Debug|Any CPU
		{889F6E47-09A4-4F6E-998A-3DEE3ED1683B}.Debug|Any CPU.Build.0 = Debug|Any CPU
		{889F6E47-09A4-4F6E-998A-3DEE3ED1683B}.Release|Any CPU.ActiveCfg = Release|Any CPU
		{889F6E47-09A4-4F6E-998A-3DEE3ED1683B}.Release|Any CPU.Build.0 = Release|Any CPU
	EndGlobalSection
	GlobalSection(SolutionProperties) = preSolution
		HideSolutionNode = FALSE
	EndGlobalSection
	GlobalSection(ExtensibilityGlobals) = postSolution
		SolutionGuid = {AC2A235D-A0C8-4A80-8A47-73EE72304CDC}
	EndGlobalSection
EndGlobal
