
Microsoft Visual Studio Solution File, Format Version 12.00
# Visual Studio Version 16
VisualStudioVersion = 16.0.33328.57
MinimumVisualStudioVersion = 10.0.40219.1
Project("{FAE04EC0-301F-11D3-BF4B-00C04F79EFBC}") = "ClassSubmissionAssn", "ClassSubmissionAssn\ClassSubmissionAssn.csproj", "{C5239F83-2B2A-4A2F-912C-472D537DB74F}"
EndProject
Global
	GlobalSection(SolutionConfigurationPlatforms) = preSolution
		Debug|Any CPU = Debug|Any CPU
		Release|Any CPU = Release|Any CPU
	EndGlobalSection
	GlobalSection(ProjectConfigurationPlatforms) = postSolution
		{C5239F83-2B2A-4A2F-912C-472D537DB74F}.Debug|Any CPU.ActiveCfg = Debug|Any CPU
		{C5239F83-2B2A-4A2F-912C-472D537DB74F}.Debug|Any CPU.Build.0 = Debug|Any CPU
		{C5239F83-2B2A-4A2F-912C-472D537DB74F}.Release|Any CPU.ActiveCfg = Release|Any CPU
		{C5239F83-2B2A-4A2F-912C-472D537DB74F}.Release|Any CPU.Build.0 = Release|Any CPU
	EndGlobalSection
	GlobalSection(SolutionProperties) = preSolution
		HideSolutionNode = FALSE
	EndGlobalSection
	GlobalSection(ExtensibilityGlobals) = postSolution
		SolutionGuid = {6D61AF72-B20E-488A-A088-5482E6DA6D5D}
	EndGlobalSection
EndGlobal
