
Microsoft Visual Studio Solution File, Format Version 12.00
# Visual Studio Version 16
VisualStudioVersion = 16.0.33328.57
MinimumVisualStudioVersion = 10.0.40219.1
Project("{FAE04EC0-301F-11D3-BF4B-00C04F79EFBC}") = "PolymorphismSubmissionAssn", "PolymorphismSubmissionAssn\PolymorphismSubmissionAssn.csproj", "{BCE5030F-3D1B-4460-8926-6F0995C33798}"
EndProject
Global
	GlobalSection(SolutionConfigurationPlatforms) = preSolution
		Debug|Any CPU = Debug|Any CPU
		Release|Any CPU = Release|Any CPU
	EndGlobalSection
	GlobalSection(ProjectConfigurationPlatforms) = postSolution
		{BCE5030F-3D1B-4460-8926-6F0995C33798}.Debug|Any CPU.ActiveCfg = Debug|Any CPU
		{BCE5030F-3D1B-4460-8926-6F0995C33798}.Debug|Any CPU.Build.0 = Debug|Any CPU
		{BCE5030F-3D1B-4460-8926-6F0995C33798}.Release|Any CPU.ActiveCfg = Release|Any CPU
		{BCE5030F-3D1B-4460-8926-6F0995C33798}.Release|Any CPU.Build.0 = Release|Any CPU
	EndGlobalSection
	GlobalSection(SolutionProperties) = preSolution
		HideSolutionNode = FALSE
	EndGlobalSection
	GlobalSection(ExtensibilityGlobals) = postSolution
		SolutionGuid = {077ECEFA-341E-45E8-A938-47AB5042250B}
	EndGlobalSection
EndGlobal
