
Microsoft Visual Studio Solution File, Format Version 12.00
# Visual Studio Version 16
VisualStudioVersion = 16.0.33328.57
MinimumVisualStudioVersion = 10.0.40219.1
Project("{FAE04EC0-301F-11D3-BF4B-00C04F79EFBC}") = "TryCatchAssn", "TryCatchAssn\TryCatchAssn.csproj", "{292B36B5-135B-434C-B616-A8AABBD2C29F}"
EndProject
Global
	GlobalSection(SolutionConfigurationPlatforms) = preSolution
		Debug|Any CPU = Debug|Any CPU
		Release|Any CPU = Release|Any CPU
	EndGlobalSection
	GlobalSection(ProjectConfigurationPlatforms) = postSolution
		{292B36B5-135B-434C-B616-A8AABBD2C29F}.Debug|Any CPU.ActiveCfg = Debug|Any CPU
		{292B36B5-135B-434C-B616-A8AABBD2C29F}.Debug|Any CPU.Build.0 = Debug|Any CPU
		{292B36B5-135B-434C-B616-A8AABBD2C29F}.Release|Any CPU.ActiveCfg = Release|Any CPU
		{292B36B5-135B-434C-B616-A8AABBD2C29F}.Release|Any CPU.Build.0 = Release|Any CPU
	EndGlobalSection
	GlobalSection(SolutionProperties) = preSolution
		HideSolutionNode = FALSE
	EndGlobalSection
	GlobalSection(ExtensibilityGlobals) = postSolution
		SolutionGuid = {38708AC3-B8EF-4995-B402-69BAAD1DB738}
	EndGlobalSection
EndGlobal
